
Microsoft Visual Studio Solution File, Format Version 12.00
# Visual Studio Version 17
VisualStudioVersion = 17.5.33530.505
MinimumVisualStudioVersion = 10.0.40219.1
Project("{FAE04EC0-301F-11D3-BF4B-00C04F79EFBC}") = "Calculo_IRRF", "Calculo_IRRF\Calculo_IRRF.csproj", "{B5B81D62-FBB7-4896-88D2-8C2F50E91BC0}"
EndProject
Global
	GlobalSection(SolutionConfigurationPlatforms) = preSolution
		Debug|Any CPU = Debug|Any CPU
		Release|Any CPU = Release|Any CPU
	EndGlobalSection
	GlobalSection(ProjectConfigurationPlatforms) = postSolution
		{B5B81D62-FBB7-4896-88D2-8C2F50E91BC0}.Debug|Any CPU.ActiveCfg = Debug|Any CPU
		{B5B81D62-FBB7-4896-88D2-8C2F50E91BC0}.Debug|Any CPU.Build.0 = Debug|Any CPU
		{B5B81D62-FBB7-4896-88D2-8C2F50E91BC0}.Release|Any CPU.ActiveCfg = Release|Any CPU
		{B5B81D62-FBB7-4896-88D2-8C2F50E91BC0}.Release|Any CPU.Build.0 = Release|Any CPU
	EndGlobalSection
	GlobalSection(SolutionProperties) = preSolution
		HideSolutionNode = FALSE
	EndGlobalSection
	GlobalSection(ExtensibilityGlobals) = postSolution
		SolutionGuid = {983A398D-3E06-47A1-A0F2-DA7AA1F9EACB}
	EndGlobalSection
EndGlobal
